// !$*UTF8*$!
{
	archiveVersion = 1;
	classes = {
	};
	objectVersion = 46;
	objects = {

/* Begin PBXBuildFile section */
		BA320D7F1C9EE342003A9C1C /* AppDelegate.swift in Sources */ = {isa = PBXBuildFile; fileRef = BA320D7E1C9EE342003A9C1C /* AppDelegate.swift */; };
		BA320D831C9EE342003A9C1C /* GameScene.swift in Sources */ = {isa = PBXBuildFile; fileRef = BA320D821C9EE342003A9C1C /* GameScene.swift */; };
		BA320D851C9EE342003A9C1C /* GameViewController.swift in Sources */ = {isa = PBXBuildFile; fileRef = BA320D841C9EE342003A9C1C /* GameViewController.swift */; };
		BA320D881C9EE342003A9C1C /* Main.storyboard in Resources */ = {isa = PBXBuildFile; fileRef = BA320D861C9EE342003A9C1C /* Main.storyboard */; };
		BA320D8A1C9EE342003A9C1C /* Assets.xcassets in Resources */ = {isa = PBXBuildFile; fileRef = BA320D891C9EE342003A9C1C /* Assets.xcassets */; };
		BA320D8D1C9EE342003A9C1C /* LaunchScreen.storyboard in Resources */ = {isa = PBXBuildFile; fileRef = BA320D8B1C9EE342003A9C1C /* LaunchScreen.storyboard */; };
		BA320D951C9F0059003A9C1C /* Utils.swift in Sources */ = {isa = PBXBuildFile; fileRef = BA320D941C9F0059003A9C1C /* Utils.swift */; };
		BA320DB21C9F1C31003A9C1C /* PlayerAnimation.atlas in Resources */ = {isa = PBXBuildFile; fileRef = BA320DB11C9F1C31003A9C1C /* PlayerAnimation.atlas */; };
		BA320DB41C9F216D003A9C1C /* EnemyAnimation.atlas in Resources */ = {isa = PBXBuildFile; fileRef = BA320DB31C9F216D003A9C1C /* EnemyAnimation.atlas */; };
		BA320DB61C9F4CC7003A9C1C /* EnemyExplosionAnimation.atlas in Resources */ = {isa = PBXBuildFile; fileRef = BA320DB51C9F4CC7003A9C1C /* EnemyExplosionAnimation.atlas */; };
		BA320DB81C9F6C39003A9C1C /* GameOverScene.swift in Sources */ = {isa = PBXBuildFile; fileRef = BA320DB71C9F6C39003A9C1C /* GameOverScene.swift */; };
		BA320DBA1C9F7029003A9C1C /* smash.m4a in Resources */ = {isa = PBXBuildFile; fileRef = BA320DB91C9F7029003A9C1C /* smash.m4a */; };
/* End PBXBuildFile section */

/* Begin PBXFileReference section */
		BA320D7B1C9EE342003A9C1C /* FarFarAway.app */ = {isa = PBXFileReference; explicitFileType = wrapper.application; includeInIndex = 0; path = FarFarAway.app; sourceTree = BUILT_PRODUCTS_DIR; };
		BA320D7E1C9EE342003A9C1C /* AppDelegate.swift */ = {isa = PBXFileReference; lastKnownFileType = sourcecode.swift; path = AppDelegate.swift; sourceTree = "<group>"; };
		BA320D821C9EE342003A9C1C /* GameScene.swift */ = {isa = PBXFileReference; lastKnownFileType = sourcecode.swift; path = GameScene.swift; sourceTree = "<group>"; };
		BA320D841C9EE342003A9C1C /* GameViewController.swift */ = {isa = PBXFileReference; lastKnownFileType = sourcecode.swift; path = GameViewController.swift; sourceTree = "<group>"; };
		BA320D871C9EE342003A9C1C /* Base */ = {isa = PBXFileReference; lastKnownFileType = file.storyboard; name = Base; path = Base.lproj/Main.storyboard; sourceTree = "<group>"; };
		BA320D891C9EE342003A9C1C /* Assets.xcassets */ = {isa = PBXFileReference; lastKnownFileType = folder.assetcatalog; path = Assets.xcassets; sourceTree = "<group>"; };
		BA320D8C1C9EE342003A9C1C /* Base */ = {isa = PBXFileReference; lastKnownFileType = file.storyboard; name = Base; path = Base.lproj/LaunchScreen.storyboard; sourceTree = "<group>"; };
		BA320D8E1C9EE342003A9C1C /* Info.plist */ = {isa = PBXFileReference; lastKnownFileType = text.plist.xml; path = Info.plist; sourceTree = "<group>"; };
		BA320D941C9F0059003A9C1C /* Utils.swift */ = {isa = PBXFileReference; fileEncoding = 4; lastKnownFileType = sourcecode.swift; path = Utils.swift; sourceTree = "<group>"; };
		BA320DB11C9F1C31003A9C1C /* PlayerAnimation.atlas */ = {isa = PBXFileReference; lastKnownFileType = folder.skatlas; path = PlayerAnimation.atlas; sourceTree = "<group>"; };
		BA320DB31C9F216D003A9C1C /* EnemyAnimation.atlas */ = {isa = PBXFileReference; lastKnownFileType = folder.skatlas; path = EnemyAnimation.atlas; sourceTree = "<group>"; };
		BA320DB51C9F4CC7003A9C1C /* EnemyExplosionAnimation.atlas */ = {isa = PBXFileReference; lastKnownFileType = folder.skatlas; path = EnemyExplosionAnimation.atlas; sourceTree = "<group>"; };
		BA320DB71C9F6C39003A9C1C /* GameOverScene.swift */ = {isa = PBXFileReference; fileEncoding = 4; lastKnownFileType = sourcecode.swift; path = GameOverScene.swift; sourceTree = "<group>"; };
		BA320DB91C9F7029003A9C1C /* smash.m4a */ = {isa = PBXFileReference; lastKnownFileType = file; path = smash.m4a; sourceTree = "<group>"; };
/* End PBXFileReference section */

/* Begin PBXFrameworksBuildPhase section */
		BA320D781C9EE342003A9C1C /* Frameworks */ = {
			isa = PBXFrameworksBuildPhase;
			buildActionMask = 2147483647;
			files = (
			);
			runOnlyForDeploymentPostprocessing = 0;
		};
/* End PBXFrameworksBuildPhase section */

/* Begin PBXGroup section */
		BA320D721C9EE342003A9C1C = {
			isa = PBXGroup;
			children = (
				BA320D7D1C9EE342003A9C1C /* FarFarAway */,
				BA320D7C1C9EE342003A9C1C /* Products */,
			);
			sourceTree = "<group>";
		};
		BA320D7C1C9EE342003A9C1C /* Products */ = {
			isa = PBXGroup;
			children = (
				BA320D7B1C9EE342003A9C1C /* FarFarAway.app */,
			);
			name = Products;
			sourceTree = "<group>";
		};
		BA320D7D1C9EE342003A9C1C /* FarFarAway */ = {
			isa = PBXGroup;
			children = (
				BA320D941C9F0059003A9C1C /* Utils.swift */,
				BA320D821C9EE342003A9C1C /* GameScene.swift */,
				BA320DB71C9F6C39003A9C1C /* GameOverScene.swift */,
				BA320D841C9EE342003A9C1C /* GameViewController.swift */,
				BA320D971C9F007D003A9C1C /* resources */,
				BA320D961C9F0062003A9C1C /* supported files */,
			);
			path = FarFarAway;
			sourceTree = "<group>";
		};
		BA320D961C9F0062003A9C1C /* supported files */ = {
			isa = PBXGroup;
			children = (
				BA320DB91C9F7029003A9C1C /* smash.m4a */,
				BA320D861C9EE342003A9C1C /* Main.storyboard */,
				BA320D8B1C9EE342003A9C1C /* LaunchScreen.storyboard */,
				BA320D7E1C9EE342003A9C1C /* AppDelegate.swift */,
				BA320D8E1C9EE342003A9C1C /* Info.plist */,
			);
			name = "supported files";
			sourceTree = "<group>";
		};
		BA320D971C9F007D003A9C1C /* resources */ = {
			isa = PBXGroup;
			children = (
				BA320D891C9EE342003A9C1C /* Assets.xcassets */,
				BA320DB11C9F1C31003A9C1C /* PlayerAnimation.atlas */,
				BA320DB31C9F216D003A9C1C /* EnemyAnimation.atlas */,
				BA320DB51C9F4CC7003A9C1C /* EnemyExplosionAnimation.atlas */,
			);
			name = resources;
			sourceTree = "<group>";
		};
/* End PBXGroup section */

/* Begin PBXNativeTarget section */
		BA320D7A1C9EE342003A9C1C /* FarFarAway */ = {
			isa = PBXNativeTarget;
			buildConfigurationList = BA320D911C9EE342003A9C1C /* Build configuration list for PBXNativeTarget "FarFarAway" */;
			buildPhases = (
				BA320D771C9EE342003A9C1C /* Sources */,
				BA320D781C9EE342003A9C1C /* Frameworks */,
				BA320D791C9EE342003A9C1C /* Resources */,
			);
			buildRules = (
			);
			dependencies = (
			);
			name = FarFarAway;
			productName = FarFarAway;
			productReference = BA320D7B1C9EE342003A9C1C /* FarFarAway.app */;
			productType = "com.apple.product-type.application";
		};
/* End PBXNativeTarget section */

/* Begin PBXProject section */
		BA320D731C9EE342003A9C1C /* Project object */ = {
			isa = PBXProject;
			attributes = {
				LastSwiftUpdateCheck = 0720;
				LastUpgradeCheck = 0720;
				ORGANIZATIONNAME = "Oleg Ketrar";
				TargetAttributes = {
					BA320D7A1C9EE342003A9C1C = {
						CreatedOnToolsVersion = 7.2.1;
						DevelopmentTeam = 4Q897M33D5;
					};
				};
			};
			buildConfigurationList = BA320D761C9EE342003A9C1C /* Build configuration list for PBXProject "FarFarAway" */;
			compatibilityVersion = "Xcode 3.2";
			developmentRegion = English;
			hasScannedForEncodings = 0;
			knownRegions = (
				en,
				Base,
			);
			mainGroup = BA320D721C9EE342003A9C1C;
			productRefGroup = BA320D7C1C9EE342003A9C1C /* Products */;
			projectDirPath = "";
			projectRoot = "";
			targets = (
				BA320D7A1C9EE342003A9C1C /* FarFarAway */,
			);
		};
/* End PBXProject section */

/* Begin PBXResourcesBuildPhase section */
		BA320D791C9EE342003A9C1C /* Resources */ = {
			isa = PBXResourcesBuildPhase;
			buildActionMask = 2147483647;
			files = (
				BA320D8D1C9EE342003A9C1C /* LaunchScreen.storyboard in Resources */,
				BA320DBA1C9F7029003A9C1C /* smash.m4a in Resources */,
				BA320DB21C9F1C31003A9C1C /* PlayerAnimation.atlas in Resources */,
				BA320D8A1C9EE342003A9C1C /* Assets.xcassets in Resources */,
				BA320DB61C9F4CC7003A9C1C /* EnemyExplosionAnimation.atlas in Resources */,
				BA320D881C9EE342003A9C1C /* Main.storyboard in Resources */,
				BA320DB41C9F216D003A9C1C /* EnemyAnimation.atlas in Resources */,
			);
			runOnlyForDeploymentPostprocessing = 0;
		};
/* End PBXResourcesBuildPhase section */

/* Begin PBXSourcesBuildPhase section */
		BA320D771C9EE342003A9C1C /* Sources */ = {
			isa = PBXSourcesBuildPhase;
			buildActionMask = 2147483647;
			files = (
				BA320DB81C9F6C39003A9C1C /* GameOverScene.swift in Sources */,
				BA320D831C9EE342003A9C1C /* GameScene.swift in Sources */,
				BA320D851C9EE342003A9C1C /* GameViewController.swift in Sources */,
				BA320D7F1C9EE342003A9C1C /* AppDelegate.swift in Sources */,
				BA320D951C9F0059003A9C1C /* Utils.swift in Sources */,
			);
			runOnlyForDeploymentPostprocessing = 0;
		};
/* End PBXSourcesBuildPhase section */

/* Begin PBXVariantGroup section */
		BA320D861C9EE342003A9C1C /* Main.storyboard */ = {
			isa = PBXVariantGroup;
			children = (
				BA320D871C9EE342003A9C1C /* Base */,
			);
			name = Main.storyboard;
			sourceTree = "<group>";
		};
		BA320D8B1C9EE342003A9C1C /* LaunchScreen.storyboard */ = {
			isa = PBXVariantGroup;
			children = (
				BA320D8C1C9EE342003A9C1C /* Base */,
			);
			name = LaunchScreen.storyboard;
			sourceTree = "<group>";
		};
/* End PBXVariantGroup section */

/* Begin XCBuildConfiguration section */
		BA320D8F1C9EE342003A9C1C /* Debug */ = {
			isa = XCBuildConfiguration;
			buildSettings = {
				ALWAYS_SEARCH_USER_PATHS = NO;
				CLANG_CXX_LANGUAGE_STANDARD = "gnu++0x";
				CLANG_CXX_LIBRARY = "libc++";
				CLANG_ENABLE_MODULES = YES;
				CLANG_ENABLE_OBJC_ARC = YES;
				CLANG_WARN_BOOL_CONVERSION = YES;
				CLANG_WARN_CONSTANT_CONVERSION = YES;
				CLANG_WARN_DIRECT_OBJC_ISA_USAGE = YES_ERROR;
				CLANG_WARN_EMPTY_BODY = YES;
				CLANG_WARN_ENUM_CONVERSION = YES;
				CLANG_WARN_INT_CONVERSION = YES;
				CLANG_WARN_OBJC_ROOT_CLASS = YES_ERROR;
				CLANG_WARN_UNREACHABLE_CODE = YES;
				CLANG_WARN__DUPLICATE_METHOD_MATCH = YES;
				"CODE_SIGN_IDENTITY[sdk=iphoneos*]" = "iPhone Developer";
				COPY_PHASE_STRIP = NO;
				DEBUG_INFORMATION_FORMAT = "dwarf-with-dsym";
				ENABLE_STRICT_OBJC_MSGSEND = YES;
				ENABLE_TESTABILITY = YES;
				GCC_C_LANGUAGE_STANDARD = gnu99;
				GCC_DYNAMIC_NO_PIC = NO;
				GCC_NO_COMMON_BLOCKS = YES;
				GCC_OPTIMIZATION_LEVEL = 0;
				GCC_PREPROCESSOR_DEFINITIONS = (
					"DEBUG=1",
					"$(inherited)",
				);
				GCC_WARN_64_TO_32_BIT_CONVERSION = YES;
				GCC_WARN_ABOUT_RETURN_TYPE = YES_ERROR;
				GCC_WARN_UNDECLARED_SELECTOR = YES;
				GCC_WARN_UNINITIALIZED_AUTOS = YES_AGGRESSIVE;
				GCC_WARN_UNUSED_FUNCTION = YES;
				GCC_WARN_UNUSED_VARIABLE = YES;
				IPHONEOS_DEPLOYMENT_TARGET = 9.2;
				MTL_ENABLE_DEBUG_INFO = YES;
				ONLY_ACTIVE_ARCH = YES;
				SDKROOT = iphoneos;
				SWIFT_OPTIMIZATION_LEVEL = "-Onone";
			};
			name = Debug;
		};
		BA320D901C9EE342003A9C1C /* Release */ = {
			isa = XCBuildConfiguration;
			buildSettings = {
				ALWAYS_SEARCH_USER_PATHS = NO;
				CLANG_CXX_LANGUAGE_STANDARD = "gnu++0x";
				CLANG_CXX_LIBRARY = "libc++";
				CLANG_ENABLE_MODULES = YES;
				CLANG_ENABLE_OBJC_ARC = YES;
				CLANG_WARN_BOOL_CONVERSION = YES;
				CLANG_WARN_CONSTANT_CONVERSION = YES;
				CLANG_WARN_DIRECT_OBJC_ISA_USAGE = YES_ERROR;
				CLANG_WARN_EMPTY_BODY = YES;
				CLANG_WARN_ENUM_CONVERSION = YES;
				CLANG_WARN_INT_CONVERSION = YES;
				CLANG_WARN_OBJC_ROOT_CLASS = YES_ERROR;
				CLANG_WARN_UNREACHABLE_CODE = YES;
				CLANG_WARN__DUPLICATE_METHOD_MATCH = YES;
				"CODE_SIGN_IDENTITY[sdk=iphoneos*]" = "iPhone Developer";
				COPY_PHASE_STRIP = NO;
				DEBUG_INFORMATION_FORMAT = "dwarf-with-dsym";
				ENABLE_NS_ASSERTIONS = NO;
				ENABLE_STRICT_OBJC_MSGSEND = YES;
				GCC_C_LANGUAGE_STANDARD = gnu99;
				GCC_NO_COMMON_BLOCKS = YES;
				GCC_WARN_64_TO_32_BIT_CONVERSION = YES;
				GCC_WARN_ABOUT_RETURN_TYPE = YES_ERROR;
				GCC_WARN_UNDECLARED_SELECTOR = YES;
				GCC_WARN_UNINITIALIZED_AUTOS = YES_AGGRESSIVE;
				GCC_WARN_UNUSED_FUNCTION = YES;
				GCC_WARN_UNUSED_VARIABLE = YES;
				IPHONEOS_DEPLOYMENT_TARGET = 9.2;
				MTL_ENABLE_DEBUG_INFO = NO;
				SDKROOT = iphoneos;
				VALIDATE_PRODUCT = YES;
			};
			name = Release;
		};
		BA320D921C9EE342003A9C1C /* Debug */ = {
			isa = XCBuildConfiguration;
			buildSettings = {
				ASSETCATALOG_COMPILER_APPICON_NAME = AppIcon;
				CODE_SIGN_IDENTITY = "iPhone Developer";
				INFOPLIST_FILE = FarFarAway/Info.plist;
				LD_RUNPATH_SEARCH_PATHS = "$(inherited) @executable_path/Frameworks";
				PRODUCT_BUNDLE_IDENTIFIER = "com.oleg-ketrar.FarFarAway";
				PRODUCT_NAME = "$(TARGET_NAME)";
			};
			name = Debug;
		};
		BA320D931C9EE342003A9C1C /* Release */ = {
			isa = XCBuildConfiguration;
			buildSettings = {
				ASSETCATALOG_COMPILER_APPICON_NAME = AppIcon;
				CODE_SIGN_IDENTITY = "iPhone Developer";
				INFOPLIST_FILE = FarFarAway/Info.plist;
				LD_RUNPATH_SEARCH_PATHS = "$(inherited) @executable_path/Frameworks";
				PRODUCT_BUNDLE_IDENTIFIER = "com.oleg-ketrar.FarFarAway";
				PRODUCT_NAME = "$(TARGET_NAME)";
			};
			name = Release;
		};
/* End XCBuildConfiguration section */

/* Begin XCConfigurationList section */
		BA320D761C9EE342003A9C1C /* Build configuration list for PBXProject "FarFarAway" */ = {
			isa = XCConfigurationList;
			buildConfigurations = (
				BA320D8F1C9EE342003A9C1C /* Debug */,
				BA320D901C9EE342003A9C1C /* Release */,
			);
			defaultConfigurationIsVisible = 0;
			defaultConfigurationName = Release;
		};
		BA320D911C9EE342003A9C1C /* Build configuration list for PBXNativeTarget "FarFarAway" */ = {
			isa = XCConfigurationList;
			buildConfigurations = (
				BA320D921C9EE342003A9C1C /* Debug */,
				BA320D931C9EE342003A9C1C /* Release */,
			);
			defaultConfigurationIsVisible = 0;
			defaultConfigurationName = Release;
		};
/* End XCConfigurationList section */
	};
	rootObject = BA320D731C9EE342003A9C1C /* Project object */;
}
